
Microsoft Visual Studio Solution File, Format Version 12.00
# Visual Studio Version 17
VisualStudioVersion = 17.3.32811.315
MinimumVisualStudioVersion = 10.0.40219.1
Project("{8BC9CEB8-8B4A-11D0-8D11-00A0C91BC942}") = "12.04 실습 (배열 역순)", "12.04 실습 (배열 역순).vcxproj", "{D6DFC8FF-597A-447B-B22F-DAAA9E7824F3}"
EndProject
Global
	GlobalSection(SolutionConfigurationPlatforms) = preSolution
		Debug|x64 = Debug|x64
		Debug|x86 = Debug|x86
		Release|x64 = Release|x64
		Release|x86 = Release|x86
	EndGlobalSection
	GlobalSection(ProjectConfigurationPlatforms) = postSolution
		{D6DFC8FF-597A-447B-B22F-DAAA9E7824F3}.Debug|x64.ActiveCfg = Debug|x64
		{D6DFC8FF-597A-447B-B22F-DAAA9E7824F3}.Debug|x64.Build.0 = Debug|x64
		{D6DFC8FF-597A-447B-B22F-DAAA9E7824F3}.Debug|x86.ActiveCfg = Debug|Win32
		{D6DFC8FF-597A-447B-B22F-DAAA9E7824F3}.Debug|x86.Build.0 = Debug|Win32
		{D6DFC8FF-597A-447B-B22F-DAAA9E7824F3}.Release|x64.ActiveCfg = Release|x64
		{D6DFC8FF-597A-447B-B22F-DAAA9E7824F3}.Release|x64.Build.0 = Release|x64
		{D6DFC8FF-597A-447B-B22F-DAAA9E7824F3}.Release|x86.ActiveCfg = Release|Win32
		{D6DFC8FF-597A-447B-B22F-DAAA9E7824F3}.Release|x86.Build.0 = Release|Win32
	EndGlobalSection
	GlobalSection(SolutionProperties) = preSolution
		HideSolutionNode = FALSE
	EndGlobalSection
	GlobalSection(ExtensibilityGlobals) = postSolution
		SolutionGuid = {92A58163-D1EE-4A76-AEA7-78A172D2490E}
	EndGlobalSection
EndGlobal
